
Microsoft Visual Studio Solution File, Format Version 12.00
# Visual Studio Version 17
VisualStudioVersion = 17.10.35013.160
MinimumVisualStudioVersion = 10.0.40219.1
Project("{FAE04EC0-301F-11D3-BF4B-00C04F79EFBC}") = "Tingen", "Tingen\Tingen.csproj", "{3CD9648D-D505-4BCF-8FC2-8B87DCE670BD}"
EndProject
Project("{FAE04EC0-301F-11D3-BF4B-00C04F79EFBC}") = "Outpost31", "..\..\Outpost31\src\Outpost31.csproj", "{89EC105E-B456-479D-A328-EE3AFFF39473}"
EndProject
Project("{9A19103F-16F7-4668-BE54-9A1E7A4F7556}") = "ScriptLinkStandard", "..\..\Tingen-ThirdParty\ScriptLinkStandard\ScriptLinkStandard.csproj", "{414F3D4D-AF64-4497-A5E7-438FEC61FC7E}"
EndProject
Global
	GlobalSection(SolutionConfigurationPlatforms) = preSolution
		Debug|Any CPU = Debug|Any CPU
		Release|Any CPU = Release|Any CPU
	EndGlobalSection
	GlobalSection(ProjectConfigurationPlatforms) = postSolution
		{3CD9648D-D505-4BCF-8FC2-8B87DCE670BD}.Debug|Any CPU.ActiveCfg = Debug|Any CPU
		{3CD9648D-D505-4BCF-8FC2-8B87DCE670BD}.Debug|Any CPU.Build.0 = Debug|Any CPU
		{3CD9648D-D505-4BCF-8FC2-8B87DCE670BD}.Release|Any CPU.ActiveCfg = Release|Any CPU
		{3CD9648D-D505-4BCF-8FC2-8B87DCE670BD}.Release|Any CPU.Build.0 = Release|Any CPU
		{89EC105E-B456-479D-A328-EE3AFFF39473}.Debug|Any CPU.ActiveCfg = Debug|Any CPU
		{89EC105E-B456-479D-A328-EE3AFFF39473}.Debug|Any CPU.Build.0 = Debug|Any CPU
		{89EC105E-B456-479D-A328-EE3AFFF39473}.Release|Any CPU.ActiveCfg = Release|Any CPU
		{89EC105E-B456-479D-A328-EE3AFFF39473}.Release|Any CPU.Build.0 = Release|Any CPU
		{414F3D4D-AF64-4497-A5E7-438FEC61FC7E}.Debug|Any CPU.ActiveCfg = Debug|Any CPU
		{414F3D4D-AF64-4497-A5E7-438FEC61FC7E}.Debug|Any CPU.Build.0 = Debug|Any CPU
		{414F3D4D-AF64-4497-A5E7-438FEC61FC7E}.Release|Any CPU.ActiveCfg = Release|Any CPU
		{414F3D4D-AF64-4497-A5E7-438FEC61FC7E}.Release|Any CPU.Build.0 = Release|Any CPU
	EndGlobalSection
	GlobalSection(SolutionProperties) = preSolution
		HideSolutionNode = FALSE
	EndGlobalSection
	GlobalSection(ExtensibilityGlobals) = postSolution
		SolutionGuid = {61CA0128-E915-47C5-B2F5-662FEDAF4084}
	EndGlobalSection
EndGlobal
