
Microsoft Visual Studio Solution File, Format Version 12.00
# Visual Studio Version 17
VisualStudioVersion = 17.4.33103.184
MinimumVisualStudioVersion = 10.0.40219.1
Project("{FAE04EC0-301F-11D3-BF4B-00C04F79EFBC}") = "Tingen", "Tingen.csproj", "{CFA396AD-8066-4B75-8833-6041A80C93C9}"
EndProject
Project("{FAE04EC0-301F-11D3-BF4B-00C04F79EFBC}") = "Outpost31", "..\..\Outpost31\src\Outpost31.csproj", "{89EC105E-B456-479D-A328-EE3AFFF39473}"
EndProject
Project("{9A19103F-16F7-4668-BE54-9A1E7A4F7556}") = "ScriptLinkStandard", "..\..\Tingen-ThirdParty\ScriptLinkStandard\ScriptLinkStandard.csproj", "{123C0C76-05DF-447E-B988-4F8F54BB094C}"
EndProject
Global
	GlobalSection(SolutionConfigurationPlatforms) = preSolution
		Debug|Any CPU = Debug|Any CPU
		Release|Any CPU = Release|Any CPU
	EndGlobalSection
	GlobalSection(ProjectConfigurationPlatforms) = postSolution
		{CFA396AD-8066-4B75-8833-6041A80C93C9}.Debug|Any CPU.ActiveCfg = Debug|Any CPU
		{CFA396AD-8066-4B75-8833-6041A80C93C9}.Debug|Any CPU.Build.0 = Debug|Any CPU
		{CFA396AD-8066-4B75-8833-6041A80C93C9}.Release|Any CPU.ActiveCfg = Release|Any CPU
		{CFA396AD-8066-4B75-8833-6041A80C93C9}.Release|Any CPU.Build.0 = Release|Any CPU
		{89EC105E-B456-479D-A328-EE3AFFF39473}.Debug|Any CPU.ActiveCfg = Debug|Any CPU
		{89EC105E-B456-479D-A328-EE3AFFF39473}.Debug|Any CPU.Build.0 = Debug|Any CPU
		{89EC105E-B456-479D-A328-EE3AFFF39473}.Release|Any CPU.ActiveCfg = Release|Any CPU
		{89EC105E-B456-479D-A328-EE3AFFF39473}.Release|Any CPU.Build.0 = Release|Any CPU
		{123C0C76-05DF-447E-B988-4F8F54BB094C}.Debug|Any CPU.ActiveCfg = Debug|Any CPU
		{123C0C76-05DF-447E-B988-4F8F54BB094C}.Debug|Any CPU.Build.0 = Debug|Any CPU
		{123C0C76-05DF-447E-B988-4F8F54BB094C}.Release|Any CPU.ActiveCfg = Release|Any CPU
		{123C0C76-05DF-447E-B988-4F8F54BB094C}.Release|Any CPU.Build.0 = Release|Any CPU
	EndGlobalSection
	GlobalSection(SolutionProperties) = preSolution
		HideSolutionNode = FALSE
	EndGlobalSection
	GlobalSection(ExtensibilityGlobals) = postSolution
		SolutionGuid = {0AB75835-BDBB-458A-81D7-7A313887EE03}
	EndGlobalSection
EndGlobal
